
Microsoft Visual Studio Solution File, Format Version 12.00
# Visual Studio Version 17
VisualStudioVersion = 17.3.32825.248
MinimumVisualStudioVersion = 10.0.40219.1
Project("{FAE04EC0-301F-11D3-BF4B-00C04F79EFBC}") = "ProductReservationTool", "ProductReservationTool\ProductReservationTool.csproj", "{5697CC83-6BFC-4B18-B04E-25CC5FA04374}"
EndProject
Project("{FAE04EC0-301F-11D3-BF4B-00C04F79EFBC}") = "ProductReservationTool.Tests", "ProductReservationTool.Tests\ProductReservationTool.Tests.csproj", "{1E8A6EDE-B121-4F3D-BEA8-0BDA17939A71}"
EndProject
Project("{2150E333-8FDC-42A3-9474-1A3956D46DE8}") = "Solution Items", "Solution Items", "{969EF38E-1489-4221-A3F7-EAA771AA50E4}"
	ProjectSection(SolutionItems) = preProject
		.editorconfig = .editorconfig
	EndProjectSection
EndProject
Global
	GlobalSection(SolutionConfigurationPlatforms) = preSolution
		Debug|Any CPU = Debug|Any CPU
		Release|Any CPU = Release|Any CPU
	EndGlobalSection
	GlobalSection(ProjectConfigurationPlatforms) = postSolution
		{5697CC83-6BFC-4B18-B04E-25CC5FA04374}.Debug|Any CPU.ActiveCfg = Debug|Any CPU
		{5697CC83-6BFC-4B18-B04E-25CC5FA04374}.Debug|Any CPU.Build.0 = Debug|Any CPU
		{5697CC83-6BFC-4B18-B04E-25CC5FA04374}.Release|Any CPU.ActiveCfg = Release|Any CPU
		{5697CC83-6BFC-4B18-B04E-25CC5FA04374}.Release|Any CPU.Build.0 = Release|Any CPU
		{1E8A6EDE-B121-4F3D-BEA8-0BDA17939A71}.Debug|Any CPU.ActiveCfg = Debug|Any CPU
		{1E8A6EDE-B121-4F3D-BEA8-0BDA17939A71}.Debug|Any CPU.Build.0 = Debug|Any CPU
		{1E8A6EDE-B121-4F3D-BEA8-0BDA17939A71}.Release|Any CPU.ActiveCfg = Release|Any CPU
		{1E8A6EDE-B121-4F3D-BEA8-0BDA17939A71}.Release|Any CPU.Build.0 = Release|Any CPU
	EndGlobalSection
	GlobalSection(SolutionProperties) = preSolution
		HideSolutionNode = FALSE
	EndGlobalSection
	GlobalSection(ExtensibilityGlobals) = postSolution
		SolutionGuid = {F05451DB-4F82-499E-B352-97D4C2D5EC13}
	EndGlobalSection
EndGlobal
